
Microsoft Visual Studio Solution File, Format Version 12.00
# Visual Studio Version 17
VisualStudioVersion = 17.9.34526.213
MinimumVisualStudioVersion = 10.0.40219.1
Project("{9A19103F-16F7-4668-BE54-9A1E7A4F7556}") = "IPTestFormASP", "IPTestFormASP.csproj", "{B12BCFFC-3020-40D5-98E3-935502F6A411}"
EndProject
Global
	GlobalSection(SolutionConfigurationPlatforms) = preSolution
		Debug|Any CPU = Debug|Any CPU
		Release|Any CPU = Release|Any CPU
	EndGlobalSection
	GlobalSection(ProjectConfigurationPlatforms) = postSolution
		{B12BCFFC-3020-40D5-98E3-935502F6A411}.Debug|Any CPU.ActiveCfg = Debug|Any CPU
		{B12BCFFC-3020-40D5-98E3-935502F6A411}.Debug|Any CPU.Build.0 = Debug|Any CPU
		{B12BCFFC-3020-40D5-98E3-935502F6A411}.Release|Any CPU.ActiveCfg = Release|Any CPU
		{B12BCFFC-3020-40D5-98E3-935502F6A411}.Release|Any CPU.Build.0 = Release|Any CPU
	EndGlobalSection
	GlobalSection(SolutionProperties) = preSolution
		HideSolutionNode = FALSE
	EndGlobalSection
	GlobalSection(ExtensibilityGlobals) = postSolution
		SolutionGuid = {2303B7FF-A1E6-4EB3-8EF8-3ED6DB476291}
	EndGlobalSection
EndGlobal
